
Microsoft Visual Studio Solution File, Format Version 12.00
# Visual Studio Version 17
VisualStudioVersion = 17.6.33815.320
MinimumVisualStudioVersion = 10.0.40219.1
Project("{9A19103F-16F7-4668-BE54-9A1E7A4F7556}") = "RamSoft-Task-Management", "RamSoft-Task-Management\RamSoft-Task-Management.csproj", "{81CAFBC2-8C1C-4E41-8BD3-DBF6E6A7DF4F}"
EndProject
Project("{FAE04EC0-301F-11D3-BF4B-00C04F79EFBC}") = "TamSoft-Task-Management-UnitTests", "TamSoft-Task-Management-UnitTests\TamSoft-Task-Management-UnitTests.csproj", "{50A88B2B-5179-49E5-A3F3-0A78CCD17234}"
EndProject
Global
	GlobalSection(SolutionConfigurationPlatforms) = preSolution
		Debug|Any CPU = Debug|Any CPU
		Release|Any CPU = Release|Any CPU
	EndGlobalSection
	GlobalSection(ProjectConfigurationPlatforms) = postSolution
		{81CAFBC2-8C1C-4E41-8BD3-DBF6E6A7DF4F}.Debug|Any CPU.ActiveCfg = Debug|Any CPU
		{81CAFBC2-8C1C-4E41-8BD3-DBF6E6A7DF4F}.Debug|Any CPU.Build.0 = Debug|Any CPU
		{81CAFBC2-8C1C-4E41-8BD3-DBF6E6A7DF4F}.Release|Any CPU.ActiveCfg = Release|Any CPU
		{81CAFBC2-8C1C-4E41-8BD3-DBF6E6A7DF4F}.Release|Any CPU.Build.0 = Release|Any CPU
		{50A88B2B-5179-49E5-A3F3-0A78CCD17234}.Debug|Any CPU.ActiveCfg = Debug|Any CPU
		{50A88B2B-5179-49E5-A3F3-0A78CCD17234}.Debug|Any CPU.Build.0 = Debug|Any CPU
		{50A88B2B-5179-49E5-A3F3-0A78CCD17234}.Release|Any CPU.ActiveCfg = Release|Any CPU
		{50A88B2B-5179-49E5-A3F3-0A78CCD17234}.Release|Any CPU.Build.0 = Release|Any CPU
	EndGlobalSection
	GlobalSection(SolutionProperties) = preSolution
		HideSolutionNode = FALSE
	EndGlobalSection
	GlobalSection(ExtensibilityGlobals) = postSolution
		SolutionGuid = {40E67BCE-3303-4E58-8907-D059A0232AB2}
	EndGlobalSection
EndGlobal
